
Microsoft Visual Studio Solution File, Format Version 12.00
# Visual Studio 15
VisualStudioVersion = 15.0.28010.2046
MinimumVisualStudioVersion = 10.0.40219.1
Project("{FAE04EC0-301F-11D3-BF4B-00C04F79EFBC}") = "SalesWebMVC", "SalesWebMVC\SalesWebMVC.csproj", "{287C0177-0C77-4645-9A66-36CDD1F9CF55}"
EndProject
Global
	GlobalSection(SolutionConfigurationPlatforms) = preSolution
		Debug|Any CPU = Debug|Any CPU
		Release|Any CPU = Release|Any CPU
	EndGlobalSection
	GlobalSection(ProjectConfigurationPlatforms) = postSolution
		{287C0177-0C77-4645-9A66-36CDD1F9CF55}.Debug|Any CPU.ActiveCfg = Debug|Any CPU
		{287C0177-0C77-4645-9A66-36CDD1F9CF55}.Debug|Any CPU.Build.0 = Debug|Any CPU
		{287C0177-0C77-4645-9A66-36CDD1F9CF55}.Release|Any CPU.ActiveCfg = Release|Any CPU
		{287C0177-0C77-4645-9A66-36CDD1F9CF55}.Release|Any CPU.Build.0 = Release|Any CPU
	EndGlobalSection
	GlobalSection(SolutionProperties) = preSolution
		HideSolutionNode = FALSE
	EndGlobalSection
	GlobalSection(ExtensibilityGlobals) = postSolution
		SolutionGuid = {B987C6AE-42EF-4A90-B77C-092CEF99E9AB}
	EndGlobalSection
EndGlobal
